{
  "requires": true,
  "lockfileVersion": 1,
  "dependencies": {
    "generate-js": {
      "version": "3.1.2",
      "resolved": "https://registry.npmjs.org/generate-js/-/generate-js-3.1.2.tgz",
      "integrity": "sha1-Jf+N1MOAkKk49kiIfVNrrUa0e2I="
    },
    "maskerjs": {
      "version": "1.8.3",
      "resolved": "https://registry.npmjs.org/maskerjs/-/maskerjs-1.8.3.tgz",
      "integrity": "sha1-rN5HYo8kEnHTguYWkWqbmc5wFLk=",
      "requires": {
        "generate-js": "3.1.2"
      }
    }
  }
}
